// !$*UTF8*$!
{
	archiveVersion = 1;
	classes = {
	};
	objectVersion = 51;
	objects = {

/* Begin PBXBuildFile section */
		81D435C52239EA21002EF316 /* AppDelegate.m in Sources */ = {isa = PBXBuildFile; fileRef = 81D435C42239EA21002EF316 /* AppDelegate.m */; };
		81D435C82239EA21002EF316 /* ViewController.m in Sources */ = {isa = PBXBuildFile; fileRef = 81D435C72239EA21002EF316 /* ViewController.m */; };
		81D435CB2239EA21002EF316 /* Main.storyboard in Resources */ = {isa = PBXBuildFile; fileRef = 81D435C92239EA21002EF316 /* Main.storyboard */; };
		81D435CD2239EA22002EF316 /* Assets.xcassets in Resources */ = {isa = PBXBuildFile; fileRef = 81D435CC2239EA22002EF316 /* Assets.xcassets */; };
		81D435D02239EA22002EF316 /* LaunchScreen.storyboard in Resources */ = {isa = PBXBuildFile; fileRef = 81D435CE2239EA22002EF316 /* LaunchScreen.storyboard */; };
		81D435D32239EA22002EF316 /* main.m in Sources */ = {isa = PBXBuildFile; fileRef = 81D435D22239EA22002EF316 /* main.m */; };
		81D6DE562240B82E00D885E2 /* NativeController.m in Sources */ = {isa = PBXBuildFile; fileRef = 81D6DE552240B82E00D885E2 /* NativeController.m */; };
		81D6DE592240B8D400D885E2 /* WebappController.m in Sources */ = {isa = PBXBuildFile; fileRef = 81D6DE582240B8D400D885E2 /* WebappController.m */; };
		81F5B3F52239F7DA00CF81DD /* empty.swift in Sources */ = {isa = PBXBuildFile; fileRef = 81F5B3F42239F7DA00CF81DD /* empty.swift */; };
		EC91222A6F7D71DFE2DC517F /* Pods_ObjectCBootpay.framework in Frameworks */ = {isa = PBXBuildFile; fileRef = EB3750C86B818B8042CEC411 /* Pods_ObjectCBootpay.framework */; };
/* End PBXBuildFile section */

/* Begin PBXFileReference section */
		273723C026E1D74E70A0C569 /* Pods-ObjectCBootpay.debug.xcconfig */ = {isa = PBXFileReference; includeInIndex = 1; lastKnownFileType = text.xcconfig; name = "Pods-ObjectCBootpay.debug.xcconfig"; path = "Pods/Target Support Files/Pods-ObjectCBootpay/Pods-ObjectCBootpay.debug.xcconfig"; sourceTree = "<group>"; };
		29628BD044ACA2BFE712F702 /* Pods-ObjectCBootpay.release.xcconfig */ = {isa = PBXFileReference; includeInIndex = 1; lastKnownFileType = text.xcconfig; name = "Pods-ObjectCBootpay.release.xcconfig"; path = "Pods/Target Support Files/Pods-ObjectCBootpay/Pods-ObjectCBootpay.release.xcconfig"; sourceTree = "<group>"; };
		81D435C02239EA21002EF316 /* ObjectCBootpay.app */ = {isa = PBXFileReference; explicitFileType = wrapper.application; includeInIndex = 0; path = ObjectCBootpay.app; sourceTree = BUILT_PRODUCTS_DIR; };
		81D435C32239EA21002EF316 /* AppDelegate.h */ = {isa = PBXFileReference; lastKnownFileType = sourcecode.c.h; path = AppDelegate.h; sourceTree = "<group>"; };
		81D435C42239EA21002EF316 /* AppDelegate.m */ = {isa = PBXFileReference; lastKnownFileType = sourcecode.c.objc; path = AppDelegate.m; sourceTree = "<group>"; };
		81D435C62239EA21002EF316 /* ViewController.h */ = {isa = PBXFileReference; lastKnownFileType = sourcecode.c.h; path = ViewController.h; sourceTree = "<group>"; };
		81D435C72239EA21002EF316 /* ViewController.m */ = {isa = PBXFileReference; lastKnownFileType = sourcecode.c.objc; path = ViewController.m; sourceTree = "<group>"; };
		81D435CA2239EA21002EF316 /* Base */ = {isa = PBXFileReference; lastKnownFileType = file.storyboard; name = Base; path = Base.lproj/Main.storyboard; sourceTree = "<group>"; };
		81D435CC2239EA22002EF316 /* Assets.xcassets */ = {isa = PBXFileReference; lastKnownFileType = folder.assetcatalog; path = Assets.xcassets; sourceTree = "<group>"; };
		81D435CF2239EA22002EF316 /* Base */ = {isa = PBXFileReference; lastKnownFileType = file.storyboard; name = Base; path = Base.lproj/LaunchScreen.storyboard; sourceTree = "<group>"; };
		81D435D12239EA22002EF316 /* Info.plist */ = {isa = PBXFileReference; lastKnownFileType = text.plist.xml; path = Info.plist; sourceTree = "<group>"; };
		81D435D22239EA22002EF316 /* main.m */ = {isa = PBXFileReference; lastKnownFileType = sourcecode.c.objc; path = main.m; sourceTree = "<group>"; };
		81D6DE542240B82E00D885E2 /* NativeController.h */ = {isa = PBXFileReference; lastKnownFileType = sourcecode.c.h; path = NativeController.h; sourceTree = "<group>"; };
		81D6DE552240B82E00D885E2 /* NativeController.m */ = {isa = PBXFileReference; lastKnownFileType = sourcecode.c.objc; path = NativeController.m; sourceTree = "<group>"; };
		81D6DE572240B8D400D885E2 /* WebappController.h */ = {isa = PBXFileReference; lastKnownFileType = sourcecode.c.h; path = WebappController.h; sourceTree = "<group>"; };
		81D6DE582240B8D400D885E2 /* WebappController.m */ = {isa = PBXFileReference; lastKnownFileType = sourcecode.c.objc; path = WebappController.m; sourceTree = "<group>"; };
		81F5B3F32239F7DA00CF81DD /* ObjectCBootpay-Bridging-Header.h */ = {isa = PBXFileReference; lastKnownFileType = sourcecode.c.h; path = "ObjectCBootpay-Bridging-Header.h"; sourceTree = "<group>"; };
		81F5B3F42239F7DA00CF81DD /* empty.swift */ = {isa = PBXFileReference; lastKnownFileType = sourcecode.swift; path = empty.swift; sourceTree = "<group>"; };
		EB3750C86B818B8042CEC411 /* Pods_ObjectCBootpay.framework */ = {isa = PBXFileReference; explicitFileType = wrapper.framework; includeInIndex = 0; path = Pods_ObjectCBootpay.framework; sourceTree = BUILT_PRODUCTS_DIR; };
/* End PBXFileReference section */

/* Begin PBXFrameworksBuildPhase section */
		81D435BD2239EA21002EF316 /* Frameworks */ = {
			isa = PBXFrameworksBuildPhase;
			buildActionMask = 2147483647;
			files = (
				EC91222A6F7D71DFE2DC517F /* Pods_ObjectCBootpay.framework in Frameworks */,
			);
			runOnlyForDeploymentPostprocessing = 0;
		};
/* End PBXFrameworksBuildPhase section */

/* Begin PBXGroup section */
		023F274461507C6E9589BA4C /* Pods */ = {
			isa = PBXGroup;
			children = (
				273723C026E1D74E70A0C569 /* Pods-ObjectCBootpay.debug.xcconfig */,
				29628BD044ACA2BFE712F702 /* Pods-ObjectCBootpay.release.xcconfig */,
			);
			name = Pods;
			sourceTree = "<group>";
		};
		56A4FF57400FD2256CC0DC89 /* Frameworks */ = {
			isa = PBXGroup;
			children = (
				EB3750C86B818B8042CEC411 /* Pods_ObjectCBootpay.framework */,
			);
			name = Frameworks;
			sourceTree = "<group>";
		};
		81D435B72239EA21002EF316 = {
			isa = PBXGroup;
			children = (
				81D435C22239EA21002EF316 /* ObjectCBootpay */,
				81D435C12239EA21002EF316 /* Products */,
				023F274461507C6E9589BA4C /* Pods */,
				56A4FF57400FD2256CC0DC89 /* Frameworks */,
			);
			sourceTree = "<group>";
		};
		81D435C12239EA21002EF316 /* Products */ = {
			isa = PBXGroup;
			children = (
				81D435C02239EA21002EF316 /* ObjectCBootpay.app */,
			);
			name = Products;
			sourceTree = "<group>";
		};
		81D435C22239EA21002EF316 /* ObjectCBootpay */ = {
			isa = PBXGroup;
			children = (
				81D435C32239EA21002EF316 /* AppDelegate.h */,
				81D435C42239EA21002EF316 /* AppDelegate.m */,
				81D435C62239EA21002EF316 /* ViewController.h */,
				81D435C72239EA21002EF316 /* ViewController.m */,
				81D435C92239EA21002EF316 /* Main.storyboard */,
				81D435CC2239EA22002EF316 /* Assets.xcassets */,
				81D435CE2239EA22002EF316 /* LaunchScreen.storyboard */,
				81D435D12239EA22002EF316 /* Info.plist */,
				81D435D22239EA22002EF316 /* main.m */,
				81F5B3F42239F7DA00CF81DD /* empty.swift */,
				81F5B3F32239F7DA00CF81DD /* ObjectCBootpay-Bridging-Header.h */,
				81D6DE542240B82E00D885E2 /* NativeController.h */,
				81D6DE552240B82E00D885E2 /* NativeController.m */,
				81D6DE572240B8D400D885E2 /* WebappController.h */,
				81D6DE582240B8D400D885E2 /* WebappController.m */,
			);
			path = ObjectCBootpay;
			sourceTree = "<group>";
		};
/* End PBXGroup section */

/* Begin PBXNativeTarget section */
		81D435BF2239EA21002EF316 /* ObjectCBootpay */ = {
			isa = PBXNativeTarget;
			buildConfigurationList = 81D435D62239EA22002EF316 /* Build configuration list for PBXNativeTarget "ObjectCBootpay" */;
			buildPhases = (
				B7C3593261A1A4342DCE9E9A /* [CP] Check Pods Manifest.lock */,
				81D435BC2239EA21002EF316 /* Sources */,
				81D435BD2239EA21002EF316 /* Frameworks */,
				81D435BE2239EA21002EF316 /* Resources */,
				6354CD4F4E450505B196E281 /* [CP] Embed Pods Frameworks */,
			);
			buildRules = (
			);
			dependencies = (
			);
			name = ObjectCBootpay;
			productName = ObjectCBootpay;
			productReference = 81D435C02239EA21002EF316 /* ObjectCBootpay.app */;
			productType = "com.apple.product-type.application";
		};
/* End PBXNativeTarget section */

/* Begin PBXProject section */
		81D435B82239EA21002EF316 /* Project object */ = {
			isa = PBXProject;
			attributes = {
				LastUpgradeCheck = 1010;
				ORGANIZATIONNAME = kr.co.bootpay;
				TargetAttributes = {
					81D435BF2239EA21002EF316 = {
						CreatedOnToolsVersion = 10.1;
						LastSwiftMigration = 1010;
					};
				};
			};
			buildConfigurationList = 81D435BB2239EA21002EF316 /* Build configuration list for PBXProject "ObjectCBootpay" */;
			compatibilityVersion = "Xcode 9.3";
			developmentRegion = en;
			hasScannedForEncodings = 0;
			knownRegions = (
				en,
				Base,
			);
			mainGroup = 81D435B72239EA21002EF316;
			productRefGroup = 81D435C12239EA21002EF316 /* Products */;
			projectDirPath = "";
			projectRoot = "";
			targets = (
				81D435BF2239EA21002EF316 /* ObjectCBootpay */,
			);
		};
/* End PBXProject section */

/* Begin PBXResourcesBuildPhase section */
		81D435BE2239EA21002EF316 /* Resources */ = {
			isa = PBXResourcesBuildPhase;
			buildActionMask = 2147483647;
			files = (
				81D435D02239EA22002EF316 /* LaunchScreen.storyboard in Resources */,
				81D435CD2239EA22002EF316 /* Assets.xcassets in Resources */,
				81D435CB2239EA21002EF316 /* Main.storyboard in Resources */,
			);
			runOnlyForDeploymentPostprocessing = 0;
		};
/* End PBXResourcesBuildPhase section */

/* Begin PBXShellScriptBuildPhase section */
		6354CD4F4E450505B196E281 /* [CP] Embed Pods Frameworks */ = {
			isa = PBXShellScriptBuildPhase;
			buildActionMask = 2147483647;
			files = (
			);
			inputFileListPaths = (
				"${PODS_ROOT}/Target Support Files/Pods-ObjectCBootpay/Pods-ObjectCBootpay-frameworks-${CONFIGURATION}-input-files.xcfilelist",
			);
			name = "[CP] Embed Pods Frameworks";
			outputFileListPaths = (
				"${PODS_ROOT}/Target Support Files/Pods-ObjectCBootpay/Pods-ObjectCBootpay-frameworks-${CONFIGURATION}-output-files.xcfilelist",
			);
			runOnlyForDeploymentPostprocessing = 0;
			shellPath = /bin/sh;
			shellScript = "\"${PODS_ROOT}/Target Support Files/Pods-ObjectCBootpay/Pods-ObjectCBootpay-frameworks.sh\"\n";
			showEnvVarsInLog = 0;
		};
		B7C3593261A1A4342DCE9E9A /* [CP] Check Pods Manifest.lock */ = {
			isa = PBXShellScriptBuildPhase;
			buildActionMask = 2147483647;
			files = (
			);
			inputPaths = (
				"${PODS_PODFILE_DIR_PATH}/Podfile.lock",
				"${PODS_ROOT}/Manifest.lock",
			);
			name = "[CP] Check Pods Manifest.lock";
			outputPaths = (
				"$(DERIVED_FILE_DIR)/Pods-ObjectCBootpay-checkManifestLockResult.txt",
			);
			runOnlyForDeploymentPostprocessing = 0;
			shellPath = /bin/sh;
			shellScript = "diff \"${PODS_PODFILE_DIR_PATH}/Podfile.lock\" \"${PODS_ROOT}/Manifest.lock\" > /dev/null\nif [ $? != 0 ] ; then\n    # print error to STDERR\n    echo \"error: The sandbox is not in sync with the Podfile.lock. Run 'pod install' or update your CocoaPods installation.\" >&2\n    exit 1\nfi\n# This output is used by Xcode 'outputs' to avoid re-running this script phase.\necho \"SUCCESS\" > \"${SCRIPT_OUTPUT_FILE_0}\"\n";
			showEnvVarsInLog = 0;
		};
/* End PBXShellScriptBuildPhase section */

/* Begin PBXSourcesBuildPhase section */
		81D435BC2239EA21002EF316 /* Sources */ = {
			isa = PBXSourcesBuildPhase;
			buildActionMask = 2147483647;
			files = (
				81D6DE592240B8D400D885E2 /* WebappController.m in Sources */,
				81D6DE562240B82E00D885E2 /* NativeController.m in Sources */,
				81D435C82239EA21002EF316 /* ViewController.m in Sources */,
				81F5B3F52239F7DA00CF81DD /* empty.swift in Sources */,
				81D435D32239EA22002EF316 /* main.m in Sources */,
				81D435C52239EA21002EF316 /* AppDelegate.m in Sources */,
			);
			runOnlyForDeploymentPostprocessing = 0;
		};
/* End PBXSourcesBuildPhase section */

/* Begin PBXVariantGroup section */
		81D435C92239EA21002EF316 /* Main.storyboard */ = {
			isa = PBXVariantGroup;
			children = (
				81D435CA2239EA21002EF316 /* Base */,
			);
			name = Main.storyboard;
			sourceTree = "<group>";
		};
		81D435CE2239EA22002EF316 /* LaunchScreen.storyboard */ = {
			isa = PBXVariantGroup;
			children = (
				81D435CF2239EA22002EF316 /* Base */,
			);
			name = LaunchScreen.storyboard;
			sourceTree = "<group>";
		};
/* End PBXVariantGroup section */

/* Begin XCBuildConfiguration section */
		81D435D42239EA22002EF316 /* Debug */ = {
			isa = XCBuildConfiguration;
			buildSettings = {
				ALWAYS_SEARCH_USER_PATHS = NO;
				CLANG_ANALYZER_NONNULL = YES;
				CLANG_ANALYZER_NUMBER_OBJECT_CONVERSION = YES_AGGRESSIVE;
				CLANG_CXX_LANGUAGE_STANDARD = "gnu++14";
				CLANG_CXX_LIBRARY = "libc++";
				CLANG_ENABLE_MODULES = YES;
				CLANG_ENABLE_OBJC_ARC = YES;
				CLANG_ENABLE_OBJC_WEAK = YES;
				CLANG_WARN_BLOCK_CAPTURE_AUTORELEASING = YES;
				CLANG_WARN_BOOL_CONVERSION = YES;
				CLANG_WARN_COMMA = YES;
				CLANG_WARN_CONSTANT_CONVERSION = YES;
				CLANG_WARN_DEPRECATED_OBJC_IMPLEMENTATIONS = YES;
				CLANG_WARN_DIRECT_OBJC_ISA_USAGE = YES_ERROR;
				CLANG_WARN_DOCUMENTATION_COMMENTS = YES;
				CLANG_WARN_EMPTY_BODY = YES;
				CLANG_WARN_ENUM_CONVERSION = YES;
				CLANG_WARN_INFINITE_RECURSION = YES;
				CLANG_WARN_INT_CONVERSION = YES;
				CLANG_WARN_NON_LITERAL_NULL_CONVERSION = YES;
				CLANG_WARN_OBJC_IMPLICIT_RETAIN_SELF = YES;
				CLANG_WARN_OBJC_LITERAL_CONVERSION = YES;
				CLANG_WARN_OBJC_ROOT_CLASS = YES_ERROR;
				CLANG_WARN_RANGE_LOOP_ANALYSIS = YES;
				CLANG_WARN_STRICT_PROTOTYPES = YES;
				CLANG_WARN_SUSPICIOUS_MOVE = YES;
				CLANG_WARN_UNGUARDED_AVAILABILITY = YES_AGGRESSIVE;
				CLANG_WARN_UNREACHABLE_CODE = YES;
				CLANG_WARN__DUPLICATE_METHOD_MATCH = YES;
				CODE_SIGN_IDENTITY = "iPhone Developer";
				COPY_PHASE_STRIP = NO;
				DEBUG_INFORMATION_FORMAT = dwarf;
				ENABLE_STRICT_OBJC_MSGSEND = YES;
				ENABLE_TESTABILITY = YES;
				GCC_C_LANGUAGE_STANDARD = gnu11;
				GCC_DYNAMIC_NO_PIC = NO;
				GCC_NO_COMMON_BLOCKS = YES;
				GCC_OPTIMIZATION_LEVEL = 0;
				GCC_PREPROCESSOR_DEFINITIONS = (
					"DEBUG=1",
					"$(inherited)",
				);
				GCC_WARN_64_TO_32_BIT_CONVERSION = YES;
				GCC_WARN_ABOUT_RETURN_TYPE = YES_ERROR;
				GCC_WARN_UNDECLARED_SELECTOR = YES;
				GCC_WARN_UNINITIALIZED_AUTOS = YES_AGGRESSIVE;
				GCC_WARN_UNUSED_FUNCTION = YES;
				GCC_WARN_UNUSED_VARIABLE = YES;
				IPHONEOS_DEPLOYMENT_TARGET = 12.1;
				MTL_ENABLE_DEBUG_INFO = INCLUDE_SOURCE;
				MTL_FAST_MATH = YES;
				ONLY_ACTIVE_ARCH = YES;
				SDKROOT = iphoneos;
				SWIFT_VERSION = 4.2;
			};
			name = Debug;
		};
		81D435D52239EA22002EF316 /* Release */ = {
			isa = XCBuildConfiguration;
			buildSettings = {
				ALWAYS_SEARCH_USER_PATHS = NO;
				CLANG_ANALYZER_NONNULL = YES;
				CLANG_ANALYZER_NUMBER_OBJECT_CONVERSION = YES_AGGRESSIVE;
				CLANG_CXX_LANGUAGE_STANDARD = "gnu++14";
				CLANG_CXX_LIBRARY = "libc++";
				CLANG_ENABLE_MODULES = YES;
				CLANG_ENABLE_OBJC_ARC = YES;
				CLANG_ENABLE_OBJC_WEAK = YES;
				CLANG_WARN_BLOCK_CAPTURE_AUTORELEASING = YES;
				CLANG_WARN_BOOL_CONVERSION = YES;
				CLANG_WARN_COMMA = YES;
				CLANG_WARN_CONSTANT_CONVERSION = YES;
				CLANG_WARN_DEPRECATED_OBJC_IMPLEMENTATIONS = YES;
				CLANG_WARN_DIRECT_OBJC_ISA_USAGE = YES_ERROR;
				CLANG_WARN_DOCUMENTATION_COMMENTS = YES;
				CLANG_WARN_EMPTY_BODY = YES;
				CLANG_WARN_ENUM_CONVERSION = YES;
				CLANG_WARN_INFINITE_RECURSION = YES;
				CLANG_WARN_INT_CONVERSION = YES;
				CLANG_WARN_NON_LITERAL_NULL_CONVERSION = YES;
				CLANG_WARN_OBJC_IMPLICIT_RETAIN_SELF = YES;
				CLANG_WARN_OBJC_LITERAL_CONVERSION = YES;
				CLANG_WARN_OBJC_ROOT_CLASS = YES_ERROR;
				CLANG_WARN_RANGE_LOOP_ANALYSIS = YES;
				CLANG_WARN_STRICT_PROTOTYPES = YES;
				CLANG_WARN_SUSPICIOUS_MOVE = YES;
				CLANG_WARN_UNGUARDED_AVAILABILITY = YES_AGGRESSIVE;
				CLANG_WARN_UNREACHABLE_CODE = YES;
				CLANG_WARN__DUPLICATE_METHOD_MATCH = YES;
				CODE_SIGN_IDENTITY = "iPhone Developer";
				COPY_PHASE_STRIP = NO;
				DEBUG_INFORMATION_FORMAT = "dwarf-with-dsym";
				ENABLE_NS_ASSERTIONS = NO;
				ENABLE_STRICT_OBJC_MSGSEND = YES;
				GCC_C_LANGUAGE_STANDARD = gnu11;
				GCC_NO_COMMON_BLOCKS = YES;
				GCC_WARN_64_TO_32_BIT_CONVERSION = YES;
				GCC_WARN_ABOUT_RETURN_TYPE = YES_ERROR;
				GCC_WARN_UNDECLARED_SELECTOR = YES;
				GCC_WARN_UNINITIALIZED_AUTOS = YES_AGGRESSIVE;
				GCC_WARN_UNUSED_FUNCTION = YES;
				GCC_WARN_UNUSED_VARIABLE = YES;
				IPHONEOS_DEPLOYMENT_TARGET = 12.1;
				MTL_ENABLE_DEBUG_INFO = NO;
				MTL_FAST_MATH = YES;
				SDKROOT = iphoneos;
				SWIFT_VERSION = 4.2;
				VALIDATE_PRODUCT = YES;
			};
			name = Release;
		};
		81D435D72239EA22002EF316 /* Debug */ = {
			isa = XCBuildConfiguration;
			baseConfigurationReference = 273723C026E1D74E70A0C569 /* Pods-ObjectCBootpay.debug.xcconfig */;
			buildSettings = {
				ASSETCATALOG_COMPILER_APPICON_NAME = AppIcon;
				CLANG_ENABLE_MODULES = YES;
				CODE_SIGN_STYLE = Automatic;
				DEFINES_MODULE = YES;
				DEVELOPMENT_TEAM = 3CYBZ4B4T4;
				INFOPLIST_FILE = ObjectCBootpay/Info.plist;
				LD_RUNPATH_SEARCH_PATHS = (
					"$(inherited)",
					"@executable_path/Frameworks",
				);
				PRODUCT_BUNDLE_IDENTIFIER = kr.co.bootpay.ObjectCBootpay;
				PRODUCT_NAME = "$(TARGET_NAME)";
				SWIFT_OBJC_BRIDGING_HEADER = "ObjectCBootpay/ObjectCBootpay-Bridging-Header.h";
				SWIFT_OPTIMIZATION_LEVEL = "-Onone";
				SWIFT_VERSION = 4.2;
				TARGETED_DEVICE_FAMILY = "1,2";
			};
			name = Debug;
		};
		81D435D82239EA22002EF316 /* Release */ = {
			isa = XCBuildConfiguration;
			baseConfigurationReference = 29628BD044ACA2BFE712F702 /* Pods-ObjectCBootpay.release.xcconfig */;
			buildSettings = {
				ASSETCATALOG_COMPILER_APPICON_NAME = AppIcon;
				CLANG_ENABLE_MODULES = YES;
				CODE_SIGN_STYLE = Automatic;
				DEFINES_MODULE = YES;
				DEVELOPMENT_TEAM = 3CYBZ4B4T4;
				INFOPLIST_FILE = ObjectCBootpay/Info.plist;
				LD_RUNPATH_SEARCH_PATHS = (
					"$(inherited)",
					"@executable_path/Frameworks",
				);
				PRODUCT_BUNDLE_IDENTIFIER = kr.co.bootpay.ObjectCBootpay;
				PRODUCT_NAME = "$(TARGET_NAME)";
				SWIFT_OBJC_BRIDGING_HEADER = "ObjectCBootpay/ObjectCBootpay-Bridging-Header.h";
				SWIFT_VERSION = 4.2;
				TARGETED_DEVICE_FAMILY = "1,2";
			};
			name = Release;
		};
/* End XCBuildConfiguration section */

/* Begin XCConfigurationList section */
		81D435BB2239EA21002EF316 /* Build configuration list for PBXProject "ObjectCBootpay" */ = {
			isa = XCConfigurationList;
			buildConfigurations = (
				81D435D42239EA22002EF316 /* Debug */,
				81D435D52239EA22002EF316 /* Release */,
			);
			defaultConfigurationIsVisible = 0;
			defaultConfigurationName = Release;
		};
		81D435D62239EA22002EF316 /* Build configuration list for PBXNativeTarget "ObjectCBootpay" */ = {
			isa = XCConfigurationList;
			buildConfigurations = (
				81D435D72239EA22002EF316 /* Debug */,
				81D435D82239EA22002EF316 /* Release */,
			);
			defaultConfigurationIsVisible = 0;
			defaultConfigurationName = Release;
		};
/* End XCConfigurationList section */
	};
	rootObject = 81D435B82239EA21002EF316 /* Project object */;
}
